
Microsoft Visual Studio Solution File, Format Version 12.00
# Visual Studio 15
VisualStudioVersion = 15.0.27428.2015
MinimumVisualStudioVersion = 10.0.40219.1
Project("{FAE04EC0-301F-11D3-BF4B-00C04F79EFBC}") = "ClArc", "ClArc\ClArc.csproj", "{4602DC13-39D6-41E7-9C5A-A4369918BAD7}"
EndProject
Project("{FAE04EC0-301F-11D3-BF4B-00C04F79EFBC}") = "ClArc.Tests", "ClArc.Tests\ClArc.Tests.csproj", "{6AD032D9-0179-4F2E-B43F-8905CD8EC2EF}"
EndProject
Global
	GlobalSection(SolutionConfigurationPlatforms) = preSolution
		Debug|Any CPU = Debug|Any CPU
		Release|Any CPU = Release|Any CPU
	EndGlobalSection
	GlobalSection(ProjectConfigurationPlatforms) = postSolution
		{4602DC13-39D6-41E7-9C5A-A4369918BAD7}.Debug|Any CPU.ActiveCfg = Debug|Any CPU
		{4602DC13-39D6-41E7-9C5A-A4369918BAD7}.Debug|Any CPU.Build.0 = Debug|Any CPU
		{4602DC13-39D6-41E7-9C5A-A4369918BAD7}.Release|Any CPU.ActiveCfg = Release|Any CPU
		{4602DC13-39D6-41E7-9C5A-A4369918BAD7}.Release|Any CPU.Build.0 = Release|Any CPU
		{6AD032D9-0179-4F2E-B43F-8905CD8EC2EF}.Debug|Any CPU.ActiveCfg = Debug|Any CPU
		{6AD032D9-0179-4F2E-B43F-8905CD8EC2EF}.Debug|Any CPU.Build.0 = Debug|Any CPU
		{6AD032D9-0179-4F2E-B43F-8905CD8EC2EF}.Release|Any CPU.ActiveCfg = Release|Any CPU
		{6AD032D9-0179-4F2E-B43F-8905CD8EC2EF}.Release|Any CPU.Build.0 = Release|Any CPU
	EndGlobalSection
	GlobalSection(SolutionProperties) = preSolution
		HideSolutionNode = FALSE
	EndGlobalSection
	GlobalSection(ExtensibilityGlobals) = postSolution
		SolutionGuid = {E32D9297-7E6C-49C9-AE80-5977CB8CFE6F}
	EndGlobalSection
EndGlobal
